<Solution>
  <Project Path="BestTimeToBuyAndSellStock/BestTimeToBuyAndSellStock.csproj" Id="4d829725-ab2a-4a83-89a3-9a5bc2690c52" />
  <Project Path="FindTheIndexOfTheFirstOccurrenceInAString/FindTheIndexOfTheFirstOccurrenceInAString.csproj" />
  <Project Path="LengthOfLastWord/LengthOfLastWord.csproj" Id="ac1101eb-9a40-4b0e-b97e-ee33b1373a40" />
  <Project Path="LongestCommonPrefix/LongestCommonPrefix.csproj" />
  <Project Path="MergeTwoSortedLists/MergeTwoSortedLists.csproj" />
  <Project Path="PalindromeNumber/PalindromeNumber.csproj" />
  <Project Path="PlusOne/PlusOne.csproj" Id="3f388d2f-9e11-4a0b-8e3b-282814427d03" />
  <Project Path="RemoveDuplicatesFromSortedArray/RemoveDuplicatesFromSortedArray.csproj" />
  <Project Path="RemoveDuplicatesFromSortedList/RemoveDuplicatesFromSortedList.csproj" Id="0322ad47-23b1-4b67-a462-eb4816d9bb3c" />
  <Project Path="RemoveElement/RemoveElement.csproj" />
  <Project Path="RomanToInteger/RomanToInteger.csproj" />
  <Project Path="SearchInsertPosition/SearchInsertPosition.csproj" />
  <Project Path="SingleNumber/SingleNumber.csproj" Id="cea9336f-2fab-42cf-ac51-2c69e132da65" />
  <Project Path="TwoSum/TwoSum.csproj" />
  <Project Path="ValidParentheses/ValidParentheses.csproj" />
</Solution>
